hash: fbe2d9fa08fa47c129c5b415c8be4f9f9002c45967fb6b9c7adf7dd83f343f78
updated: 2018-09-18T00:08:57.115046994+01:00
imports:
- name: github.com/aws/aws-sdk-go
  version: 34699de98eac41fa94737f6ce7b83d7a621c2634
  subpackages:
  - aws
  - aws/awserr
  - aws/awsutil
  - aws/client
  - aws/client/metadata
  - aws/corehandlers
  - aws/credentials
  - aws/credentials/ec2rolecreds
  - aws/credentials/endpointcreds
  - aws/credentials/stscreds
  - aws/csm
  - aws/defaults
  - aws/ec2metadata
  - aws/endpoints
  - aws/request
  - aws/session
  - aws/signer/v4
  - internal/sdkio
  - internal/sdkrand
  - internal/sdkuri
  - internal/shareddefaults
  - private/protocol
  - private/protocol/json/jsonutil
  - private/protocol/jsonrpc
  - private/protocol/query
  - private/protocol/query/queryutil
  - private/protocol/rest
  - private/protocol/xml/xmlutil
  - service/dynamodb
  - service/dynamodb/dynamodbattribute
  - service/sts
- name: github.com/caarlos0/env
  version: 1cddc31c48c56ecd700d873edb9fd5b6f5df922a
- name: github.com/go-ini/ini
  version: fa25069db393aecc09b71267d0489b357781c860
- name: github.com/go-playground/locales
  version: f63010822830b6fe52288ee52d5a1151088ce039
  subpackages:
  - currency
- name: github.com/go-playground/universal-translator
  version: 71201497bace774495daed26a3874fd339e0b538
- name: github.com/golang/protobuf
  version: aa810b61a9c79d51363740d207bb46cf8e620ed5
  subpackages:
  - proto
  - protoc-gen-go/descriptor
  - ptypes
  - ptypes/any
  - ptypes/duration
  - ptypes/timestamp
- name: github.com/jmespath/go-jmespath
  version: c2b33e8439af944379acbdd9c3a5fe0bc44bd8a5
- name: github.com/rs/zerolog
  version: 77db4b4f350e31be66a57c332acb7721cf9ff9bb
  subpackages:
  - internal/cbor
  - internal/json
  - log
- name: github.com/satori/go.uuid
  version: f58768cc1a7a7e77a3bd49e98cdd21419399b6a3
- name: golang.org/x/net
  version: 26e67e76b6c3f6ce91f7c52def5af501b4e0f3a2
  subpackages:
  - context
  - http/httpguts
  - http2
  - http2/hpack
  - idna
  - internal/timeseries
  - trace
- name: golang.org/x/sys
  version: d0be0721c37eeb5299f245a996a483160fc36940
  subpackages:
  - unix
- name: golang.org/x/text
  version: 905a57155faa8230500121607930ebb9dd8e139c
  subpackages:
  - secure/bidirule
  - transform
  - unicode/bidi
  - unicode/norm
- name: google.golang.org/genproto
  version: 4b56f30a1fd96a133a036b62cdd2a249883dd89b
  subpackages:
  - googleapis/rpc/status
- name: google.golang.org/grpc
  version: 8dea3dc473e90c8179e519d91302d0597c0ca1d1
  subpackages:
  - balancer
  - balancer/base
  - balancer/roundrobin
  - codes
  - connectivity
  - credentials
  - encoding
  - encoding/proto
  - grpclog
  - internal
  - internal/backoff
  - internal/channelz
  - internal/envconfig
  - internal/grpcrand
  - internal/transport
  - keepalive
  - metadata
  - naming
  - peer
  - reflection
  - reflection/grpc_reflection_v1alpha
  - resolver
  - resolver/dns
  - resolver/passthrough
  - stats
  - status
  - tap
- name: gopkg.in/go-playground/validator.v9
  version: e69e9a28bb62b977fdc58d051f1bb477b7cbe486
testImports: []
